# This file is automatically @generated by Cargo.
# It is not intended for manual editing.
version = 3

[[package]]
name = "example-project"
version = "0.1.0"
dependencies = [
 "serde 1.0.0",
 "tokio 1.0.0",
]

[[package]]
name = "serde"
version = "1.0.0"
source = "registry+https://github.com/rust-lang/crates.io-index"
checksum = "example"

[[package]]
name = "tokio"
version = "1.0.0"
source = "registry+https://github.com/rust-lang/crates.io-index"
checksum = "example"
features = ["full"]

